
Microsoft Visual Studio Solution File, Format Version 12.00
# Visual Studio Version 16
VisualStudioVersion = 16.0.31321.278
MinimumVisualStudioVersion = 10.0.40219.1
Project("{6EC3EE1D-3C4E-46DD-8F32-0CC8E7565705}") = "ReadFile", "ReadFile\ReadFile.fsproj", "{3E7F2CDF-AC45-4C8C-8DED-225C9FA844D4}"
EndProject
Project("{6EC3EE1D-3C4E-46DD-8F32-0CC8E7565705}") = "YaOcr", "YaOCR\YaOcr.fsproj", "{10B0BD88-7F6F-48DE-8FF2-BB8F1C92C2C7}"
EndProject
Project("{6EC3EE1D-3C4E-46DD-8F32-0CC8E7565705}") = "Shared", "Libs\Vow\Shared\Shared.fsproj", "{2C6961C3-FB54-485B-88DC-FF1BDB090379}"
EndProject
Project("{6EC3EE1D-3C4E-46DD-8F32-0CC8E7565705}") = "UpdateStore", "UpdateStore\UpdateStore.fsproj", "{849A022A-F88E-4F1F-902E-49EF2EBFEAEB}"
EndProject
Project("{F2A71F9B-5D33-465A-A702-920D77279786}") = "StoreDoc", "StoreDoc\StoreDoc.fsproj", "{5D766C7D-6A02-4E2D-8B97-730791639B80}"
EndProject
Project("{F2A71F9B-5D33-465A-A702-920D77279786}") = "Domain", "Libs\Vow\Domain\Domain.fsproj", "{A917CB1B-1129-4A21-8719-A7FFFB9D6C29}"
EndProject
Project("{F2A71F9B-5D33-465A-A702-920D77279786}") = "FSharp.Dapr", "Libs\Common\FSharp.Dapr\FSharp.Dapr.fsproj", "{D5024F57-C24C-44CB-8B08-FD1AE82512D0}"
EndProject
Project("{F2A71F9B-5D33-465A-A702-920D77279786}") = "YaAuth", "Libs\Common\YaAuth\YaAuth.fsproj", "{24B24721-0D81-4889-AE7F-D0685FCF8B16}"
EndProject
Project("{F2A71F9B-5D33-465A-A702-920D77279786}") = "FSharp.Fetch", "Libs\Common\FSharp.Fetch\FSharp.Fetch.fsproj", "{6A4BD03C-D024-4592-A0E7-149FD5C14A75}"
EndProject
Project("{F2A71F9B-5D33-465A-A702-920D77279786}") = "ParseDoc", "ParseDoc\ParseDoc.fsproj", "{076164DC-1B1F-47C0-BC6A-CF416483BC3E}"
EndProject
Project("{F2A71F9B-5D33-465A-A702-920D77279786}") = "ParseDocTest", "ParseDocTest\ParseDocTest.fsproj", "{824A5F7F-111C-4E13-B05D-28DC4F0363C3}"
EndProject
Project("{2150E333-8FDC-42A3-9474-1A3956D46DE8}") = "Libs", "Libs", "{BD41BB7E-A8F7-41F4-86B1-5FA07489E5BF}"
EndProject
Project("{2150E333-8FDC-42A3-9474-1A3956D46DE8}") = "Common", "Common", "{6A969FE0-57AE-4EDD-8794-8E2659C060C7}"
EndProject
Project("{F2A71F9B-5D33-465A-A702-920D77279786}") = "FSharp.DaprTest", "Libs\Common\FSharp.DaprTest\FSharp.DaprTest.fsproj", "{BB04EF0B-7C15-4800-854E-8C27C56BBE3D}"
EndProject
Project("{F2A71F9B-5D33-465A-A702-920D77279786}") = "QueryStore", "QueryStore\QueryStore.fsproj", "{A8ECB02D-4C62-493A-AD3D-10E1F2EA2351}"
EndProject
Global
	GlobalSection(SolutionConfigurationPlatforms) = preSolution
		Debug|Any CPU = Debug|Any CPU
		Release|Any CPU = Release|Any CPU
	EndGlobalSection
	GlobalSection(ProjectConfigurationPlatforms) = postSolution
		{3E7F2CDF-AC45-4C8C-8DED-225C9FA844D4}.Debug|Any CPU.ActiveCfg = Debug|Any CPU
		{3E7F2CDF-AC45-4C8C-8DED-225C9FA844D4}.Debug|Any CPU.Build.0 = Debug|Any CPU
		{3E7F2CDF-AC45-4C8C-8DED-225C9FA844D4}.Release|Any CPU.ActiveCfg = Release|Any CPU
		{3E7F2CDF-AC45-4C8C-8DED-225C9FA844D4}.Release|Any CPU.Build.0 = Release|Any CPU
		{10B0BD88-7F6F-48DE-8FF2-BB8F1C92C2C7}.Debug|Any CPU.ActiveCfg = Debug|Any CPU
		{10B0BD88-7F6F-48DE-8FF2-BB8F1C92C2C7}.Debug|Any CPU.Build.0 = Debug|Any CPU
		{10B0BD88-7F6F-48DE-8FF2-BB8F1C92C2C7}.Release|Any CPU.ActiveCfg = Release|Any CPU
		{10B0BD88-7F6F-48DE-8FF2-BB8F1C92C2C7}.Release|Any CPU.Build.0 = Release|Any CPU
		{2C6961C3-FB54-485B-88DC-FF1BDB090379}.Debug|Any CPU.ActiveCfg = Debug|Any CPU
		{2C6961C3-FB54-485B-88DC-FF1BDB090379}.Debug|Any CPU.Build.0 = Debug|Any CPU
		{2C6961C3-FB54-485B-88DC-FF1BDB090379}.Release|Any CPU.ActiveCfg = Release|Any CPU
		{2C6961C3-FB54-485B-88DC-FF1BDB090379}.Release|Any CPU.Build.0 = Release|Any CPU
		{849A022A-F88E-4F1F-902E-49EF2EBFEAEB}.Debug|Any CPU.ActiveCfg = Debug|Any CPU
		{849A022A-F88E-4F1F-902E-49EF2EBFEAEB}.Debug|Any CPU.Build.0 = Debug|Any CPU
		{849A022A-F88E-4F1F-902E-49EF2EBFEAEB}.Release|Any CPU.ActiveCfg = Release|Any CPU
		{849A022A-F88E-4F1F-902E-49EF2EBFEAEB}.Release|Any CPU.Build.0 = Release|Any CPU
		{5D766C7D-6A02-4E2D-8B97-730791639B80}.Debug|Any CPU.ActiveCfg = Debug|Any CPU
		{5D766C7D-6A02-4E2D-8B97-730791639B80}.Debug|Any CPU.Build.0 = Debug|Any CPU
		{5D766C7D-6A02-4E2D-8B97-730791639B80}.Release|Any CPU.ActiveCfg = Release|Any CPU
		{5D766C7D-6A02-4E2D-8B97-730791639B80}.Release|Any CPU.Build.0 = Release|Any CPU
		{A917CB1B-1129-4A21-8719-A7FFFB9D6C29}.Debug|Any CPU.ActiveCfg = Debug|Any CPU
		{A917CB1B-1129-4A21-8719-A7FFFB9D6C29}.Debug|Any CPU.Build.0 = Debug|Any CPU
		{A917CB1B-1129-4A21-8719-A7FFFB9D6C29}.Release|Any CPU.ActiveCfg = Release|Any CPU
		{A917CB1B-1129-4A21-8719-A7FFFB9D6C29}.Release|Any CPU.Build.0 = Release|Any CPU
		{D5024F57-C24C-44CB-8B08-FD1AE82512D0}.Debug|Any CPU.ActiveCfg = Debug|Any CPU
		{D5024F57-C24C-44CB-8B08-FD1AE82512D0}.Debug|Any CPU.Build.0 = Debug|Any CPU
		{D5024F57-C24C-44CB-8B08-FD1AE82512D0}.Release|Any CPU.ActiveCfg = Release|Any CPU
		{D5024F57-C24C-44CB-8B08-FD1AE82512D0}.Release|Any CPU.Build.0 = Release|Any CPU
		{24B24721-0D81-4889-AE7F-D0685FCF8B16}.Debug|Any CPU.ActiveCfg = Debug|Any CPU
		{24B24721-0D81-4889-AE7F-D0685FCF8B16}.Debug|Any CPU.Build.0 = Debug|Any CPU
		{24B24721-0D81-4889-AE7F-D0685FCF8B16}.Release|Any CPU.ActiveCfg = Release|Any CPU
		{24B24721-0D81-4889-AE7F-D0685FCF8B16}.Release|Any CPU.Build.0 = Release|Any CPU
		{6A4BD03C-D024-4592-A0E7-149FD5C14A75}.Debug|Any CPU.ActiveCfg = Debug|Any CPU
		{6A4BD03C-D024-4592-A0E7-149FD5C14A75}.Debug|Any CPU.Build.0 = Debug|Any CPU
		{6A4BD03C-D024-4592-A0E7-149FD5C14A75}.Release|Any CPU.ActiveCfg = Release|Any CPU
		{6A4BD03C-D024-4592-A0E7-149FD5C14A75}.Release|Any CPU.Build.0 = Release|Any CPU
		{076164DC-1B1F-47C0-BC6A-CF416483BC3E}.Debug|Any CPU.ActiveCfg = Debug|Any CPU
		{076164DC-1B1F-47C0-BC6A-CF416483BC3E}.Debug|Any CPU.Build.0 = Debug|Any CPU
		{076164DC-1B1F-47C0-BC6A-CF416483BC3E}.Release|Any CPU.ActiveCfg = Release|Any CPU
		{076164DC-1B1F-47C0-BC6A-CF416483BC3E}.Release|Any CPU.Build.0 = Release|Any CPU
		{824A5F7F-111C-4E13-B05D-28DC4F0363C3}.Debug|Any CPU.ActiveCfg = Debug|Any CPU
		{824A5F7F-111C-4E13-B05D-28DC4F0363C3}.Debug|Any CPU.Build.0 = Debug|Any CPU
		{824A5F7F-111C-4E13-B05D-28DC4F0363C3}.Release|Any CPU.ActiveCfg = Release|Any CPU
		{824A5F7F-111C-4E13-B05D-28DC4F0363C3}.Release|Any CPU.Build.0 = Release|Any CPU
		{BB04EF0B-7C15-4800-854E-8C27C56BBE3D}.Debug|Any CPU.ActiveCfg = Debug|Any CPU
		{BB04EF0B-7C15-4800-854E-8C27C56BBE3D}.Debug|Any CPU.Build.0 = Debug|Any CPU
		{BB04EF0B-7C15-4800-854E-8C27C56BBE3D}.Release|Any CPU.ActiveCfg = Release|Any CPU
		{BB04EF0B-7C15-4800-854E-8C27C56BBE3D}.Release|Any CPU.Build.0 = Release|Any CPU
		{A8ECB02D-4C62-493A-AD3D-10E1F2EA2351}.Debug|Any CPU.ActiveCfg = Debug|Any CPU
		{A8ECB02D-4C62-493A-AD3D-10E1F2EA2351}.Debug|Any CPU.Build.0 = Debug|Any CPU
		{A8ECB02D-4C62-493A-AD3D-10E1F2EA2351}.Release|Any CPU.ActiveCfg = Release|Any CPU
		{A8ECB02D-4C62-493A-AD3D-10E1F2EA2351}.Release|Any CPU.Build.0 = Release|Any CPU
	EndGlobalSection
	GlobalSection(SolutionProperties) = preSolution
		HideSolutionNode = FALSE
	EndGlobalSection
	GlobalSection(ExtensibilityGlobals) = postSolution
		SolutionGuid = {338F65A5-1E90-41C5-8B2F-BD079F21FA45}
	EndGlobalSection
	GlobalSection(NestedProjects) = preSolution
		{6A969FE0-57AE-4EDD-8794-8E2659C060C7} = {BD41BB7E-A8F7-41F4-86B1-5FA07489E5BF}
		{BB04EF0B-7C15-4800-854E-8C27C56BBE3D} = {6A969FE0-57AE-4EDD-8794-8E2659C060C7}
	EndGlobalSection
EndGlobal
